
Microsoft Visual Studio Solution File, Format Version 12.00
# Visual Studio 2012
Project("{FAE04EC0-301F-11D3-BF4B-00C04F79EFBC}") = "SeedPaths-Website", "SeedPaths-Website\SeedPaths-Website.csproj", "{8FDA3F3B-C11F-4A95-9E43-9C0D859B6AAF}"
EndProject
Global
	GlobalSection(SolutionConfigurationPlatforms) = preSolution
		Debug|Any CPU = Debug|Any CPU
		Release|Any CPU = Release|Any CPU
	EndGlobalSection
	GlobalSection(ProjectConfigurationPlatforms) = postSolution
		{8FDA3F3B-C11F-4A95-9E43-9C0D859B6AAF}.Debug|Any CPU.ActiveCfg = Debug|Any CPU
		{8FDA3F3B-C11F-4A95-9E43-9C0D859B6AAF}.Debug|Any CPU.Build.0 = Debug|Any CPU
		{8FDA3F3B-C11F-4A95-9E43-9C0D859B6AAF}.Release|Any CPU.ActiveCfg = Release|Any CPU
		{8FDA3F3B-C11F-4A95-9E43-9C0D859B6AAF}.Release|Any CPU.Build.0 = Release|Any CPU
	EndGlobalSection
	GlobalSection(SolutionProperties) = preSolution
		HideSolutionNode = FALSE
	EndGlobalSection
EndGlobal
